{
  "name": "@insite/nav-toolbox",
  "version": "0.1.1",
  "lockfileVersion": 1,
  "requires": true,
  "dependencies": {
    "@insite/utils": {
      "version": "0.0.3",
      "resolved": "https://registry.npmjs.org/@insite/utils/-/utils-0.0.3.tgz",
      "integrity": "sha512-ZEKgEnfZLNUlvFhsoGdvI+gLmEIWQo3b7KAkdCtL5P2cAFPLetJUtfuKpI/OqjlYvm4BnkeUU+TEyWWKo/9Svw=="
    }
  }
}
