{
  "name": "@insite/nav-toolbox",
  "version": "0.0.8",
  "lockfileVersion": 1,
  "requires": true,
  "dependencies": {
    "@insite/utils": {
      "version": "0.0.1",
      "resolved": "https://registry.npmjs.org/@insite/utils/-/utils-0.0.1.tgz",
      "integrity": "sha512-dKK5Y0Hl7bGjgDUlFyIVov/hBNcna3oDOnsBTzY2qlUI+7LZnf0iNLbgfQZPv7TBjGdEuCOt0DRJLPMi11Du/Q=="
    }
  }
}
